{
  "name": "@patrizzos/stylesafe",
  "version": "0.1.9",
  "lockfileVersion": 3,
  "requires": true,
  "packages": {
    "": {
      "name": "@patrizzos/stylesafe",
      "version": "0.1.9",
      "license": "MIT",
      "bin": {
        "stylesafe": "server.js"
      },
      "engines": {
        "node": ">=18"
      }
    }
  }
}
